
Microsoft Visual Studio Solution File, Format Version 12.00
# Visual Studio 2013
VisualStudioVersion = 12.0.31101.0
MinimumVisualStudioVersion = 10.0.40219.1
Project("{2150E333-8FDC-42A3-9474-1A3956D46DE8}") = "0 - Presentation", "0 - Presentation", "{65A0A37A-FF65-4568-B0F5-485E124FC9B9}"
EndProject
Project("{2150E333-8FDC-42A3-9474-1A3956D46DE8}") = "1 - Services", "1 - Services", "{23CB2E1A-AADB-4DC4-8F2E-9EA65BD771C0}"
EndProject
Project("{2150E333-8FDC-42A3-9474-1A3956D46DE8}") = "2 - Application", "2 - Application", "{E2396837-BFF8-41C6-A77F-46739198B055}"
EndProject
Project("{2150E333-8FDC-42A3-9474-1A3956D46DE8}") = "3 - Domain", "3 - Domain", "{1E889499-CD70-4145-8E4B-A712EA3CFEE8}"
EndProject
Project("{2150E333-8FDC-42A3-9474-1A3956D46DE8}") = "4 - Infra", "4 - Infra", "{2510FF51-8FA2-45CF-98EE-D59AD355E566}"
EndProject
Project("{2150E333-8FDC-42A3-9474-1A3956D46DE8}") = "4.1 - Data", "4.1 - Data", "{BD92C23A-2658-4182-AC5E-EC6E805484DB}"
EndProject
Project("{2150E333-8FDC-42A3-9474-1A3956D46DE8}") = "4.2 - CrossCutting", "4.2 - CrossCutting", "{D9530D1A-7C09-4698-A69F-067DB9BBCFE4}"
EndProject
Project("{FAE04EC0-301F-11D3-BF4B-00C04F79EFBC}") = "EA.ProjetoEnsalamento.Apresentation.MVC", "EA.ProjetoEnsalamento.Apresentation.MVC\EA.ProjetoEnsalamento.Apresentation.MVC.csproj", "{F531A818-7ED9-462E-B7B6-7BE397EB3988}"
EndProject
Global
	GlobalSection(SolutionConfigurationPlatforms) = preSolution
		Debug|Any CPU = Debug|Any CPU
		Release|Any CPU = Release|Any CPU
	EndGlobalSection
	GlobalSection(ProjectConfigurationPlatforms) = postSolution
		{F531A818-7ED9-462E-B7B6-7BE397EB3988}.Debug|Any CPU.ActiveCfg = Debug|Any CPU
		{F531A818-7ED9-462E-B7B6-7BE397EB3988}.Debug|Any CPU.Build.0 = Debug|Any CPU
		{F531A818-7ED9-462E-B7B6-7BE397EB3988}.Release|Any CPU.ActiveCfg = Release|Any CPU
		{F531A818-7ED9-462E-B7B6-7BE397EB3988}.Release|Any CPU.Build.0 = Release|Any CPU
	EndGlobalSection
	GlobalSection(SolutionProperties) = preSolution
		HideSolutionNode = FALSE
	EndGlobalSection
	GlobalSection(NestedProjects) = preSolution
		{BD92C23A-2658-4182-AC5E-EC6E805484DB} = {2510FF51-8FA2-45CF-98EE-D59AD355E566}
		{D9530D1A-7C09-4698-A69F-067DB9BBCFE4} = {2510FF51-8FA2-45CF-98EE-D59AD355E566}
		{F531A818-7ED9-462E-B7B6-7BE397EB3988} = {65A0A37A-FF65-4568-B0F5-485E124FC9B9}
	EndGlobalSection
EndGlobal
